// !$*UTF8*$!
{
	archiveVersion = 1;
	classes = {
	};
	objectVersion = 56;
	objects = {

/* Begin PBXBuildFile section */
		0305D0692BCB1F8000D3F92B /* AppDelegate.swift in Sources */ = {isa = PBXBuildFile; fileRef = 0305D0682BCB1F8000D3F92B /* AppDelegate.swift */; };
		0305D06B2BCB1F8000D3F92B /* SceneDelegate.swift in Sources */ = {isa = PBXBuildFile; fileRef = 0305D06A2BCB1F8000D3F92B /* SceneDelegate.swift */; };
		0305D06D2BCB1F8000D3F92B /* ViewController.swift in Sources */ = {isa = PBXBuildFile; fileRef = 0305D06C2BCB1F8000D3F92B /* ViewController.swift */; };
		0305D0722BCB1F8100D3F92B /* Assets.xcassets in Resources */ = {isa = PBXBuildFile; fileRef = 0305D0712BCB1F8100D3F92B /* Assets.xcassets */; };
		0305D0752BCB1F8100D3F92B /* Base in Resources */ = {isa = PBXBuildFile; fileRef = 0305D0742BCB1F8100D3F92B /* Base */; };
		0305D07F2BCB210B00D3F92B /* BaseVC.swift in Sources */ = {isa = PBXBuildFile; fileRef = 0305D07E2BCB210B00D3F92B /* BaseVC.swift */; };
		0305D0822BCB217D00D3F92B /* UIColor.swift in Sources */ = {isa = PBXBuildFile; fileRef = 0305D0812BCB217D00D3F92B /* UIColor.swift */; };
		0305D0842BCB467100D3F92B /* OnboardingVC.swift in Sources */ = {isa = PBXBuildFile; fileRef = 0305D0832BCB467100D3F92B /* OnboardingVC.swift */; };
		0305D0862BCB471500D3F92B /* NewCardVC.swift in Sources */ = {isa = PBXBuildFile; fileRef = 0305D0852BCB471500D3F92B /* NewCardVC.swift */; };
		0305D0882BCB47C100D3F92B /* LaunchScreenVC.swift in Sources */ = {isa = PBXBuildFile; fileRef = 0305D0872BCB47C100D3F92B /* LaunchScreenVC.swift */; };
		0305D08D2BCB5DA500D3F92B /* Data.swift in Sources */ = {isa = PBXBuildFile; fileRef = 0305D08C2BCB5DA500D3F92B /* Data.swift */; };
		034E7FBB2BCBFF2700F3500C /* CardModel.swift in Sources */ = {isa = PBXBuildFile; fileRef = 034E7FBA2BCBFF2700F3500C /* CardModel.swift */; };
		034E7FBD2BCC00FA00F3500C /* CardEnums.swift in Sources */ = {isa = PBXBuildFile; fileRef = 034E7FBC2BCC00FA00F3500C /* CardEnums.swift */; };
		034E7FC02BCC067B00F3500C /* ComplainCell.swift in Sources */ = {isa = PBXBuildFile; fileRef = 034E7FBF2BCC067B00F3500C /* ComplainCell.swift */; };
		03CB3EED2BCC0EC6009E7AD7 /* AppButton.swift in Sources */ = {isa = PBXBuildFile; fileRef = 03CB3EEC2BCC0EC6009E7AD7 /* AppButton.swift */; };
		03CB3EEF2BCC2C8B009E7AD7 /* IconCell.swift in Sources */ = {isa = PBXBuildFile; fileRef = 03CB3EEE2BCC2C8B009E7AD7 /* IconCell.swift */; };
/* End PBXBuildFile section */

/* Begin PBXFileReference section */
		0305D0652BCB1F8000D3F92B /* Lecture-17-Homework.app */ = {isa = PBXFileReference; explicitFileType = wrapper.application; includeInIndex = 0; path = "Lecture-17-Homework.app"; sourceTree = BUILT_PRODUCTS_DIR; };
		0305D0682BCB1F8000D3F92B /* AppDelegate.swift */ = {isa = PBXFileReference; lastKnownFileType = sourcecode.swift; path = AppDelegate.swift; sourceTree = "<group>"; };
		0305D06A2BCB1F8000D3F92B /* SceneDelegate.swift */ = {isa = PBXFileReference; lastKnownFileType = sourcecode.swift; path = SceneDelegate.swift; sourceTree = "<group>"; };
		0305D06C2BCB1F8000D3F92B /* ViewController.swift */ = {isa = PBXFileReference; lastKnownFileType = sourcecode.swift; path = ViewController.swift; sourceTree = "<group>"; };
		0305D0712BCB1F8100D3F92B /* Assets.xcassets */ = {isa = PBXFileReference; lastKnownFileType = folder.assetcatalog; path = Assets.xcassets; sourceTree = "<group>"; };
		0305D0742BCB1F8100D3F92B /* Base */ = {isa = PBXFileReference; lastKnownFileType = file.storyboard; name = Base; path = Base.lproj/LaunchScreen.storyboard; sourceTree = "<group>"; };
		0305D0762BCB1F8100D3F92B /* Info.plist */ = {isa = PBXFileReference; lastKnownFileType = text.plist.xml; path = Info.plist; sourceTree = "<group>"; };
		0305D07E2BCB210B00D3F92B /* BaseVC.swift */ = {isa = PBXFileReference; lastKnownFileType = sourcecode.swift; path = BaseVC.swift; sourceTree = "<group>"; };
		0305D0812BCB217D00D3F92B /* UIColor.swift */ = {isa = PBXFileReference; lastKnownFileType = sourcecode.swift; path = UIColor.swift; sourceTree = "<group>"; };
		0305D0832BCB467100D3F92B /* OnboardingVC.swift */ = {isa = PBXFileReference; lastKnownFileType = sourcecode.swift; path = OnboardingVC.swift; sourceTree = "<group>"; };
		0305D0852BCB471500D3F92B /* NewCardVC.swift */ = {isa = PBXFileReference; lastKnownFileType = sourcecode.swift; path = NewCardVC.swift; sourceTree = "<group>"; };
		0305D0872BCB47C100D3F92B /* LaunchScreenVC.swift */ = {isa = PBXFileReference; lastKnownFileType = sourcecode.swift; path = LaunchScreenVC.swift; sourceTree = "<group>"; };
		0305D08C2BCB5DA500D3F92B /* Data.swift */ = {isa = PBXFileReference; lastKnownFileType = sourcecode.swift; path = Data.swift; sourceTree = "<group>"; };
		034E7FBA2BCBFF2700F3500C /* CardModel.swift */ = {isa = PBXFileReference; lastKnownFileType = sourcecode.swift; path = CardModel.swift; sourceTree = "<group>"; };
		034E7FBC2BCC00FA00F3500C /* CardEnums.swift */ = {isa = PBXFileReference; lastKnownFileType = sourcecode.swift; path = CardEnums.swift; sourceTree = "<group>"; };
		034E7FBF2BCC067B00F3500C /* ComplainCell.swift */ = {isa = PBXFileReference; lastKnownFileType = sourcecode.swift; path = ComplainCell.swift; sourceTree = "<group>"; };
		03CB3EEC2BCC0EC6009E7AD7 /* AppButton.swift */ = {isa = PBXFileReference; lastKnownFileType = sourcecode.swift; path = AppButton.swift; sourceTree = "<group>"; };
		03CB3EEE2BCC2C8B009E7AD7 /* IconCell.swift */ = {isa = PBXFileReference; lastKnownFileType = sourcecode.swift; path = IconCell.swift; sourceTree = "<group>"; };
/* End PBXFileReference section */

/* Begin PBXFrameworksBuildPhase section */
		0305D0622BCB1F8000D3F92B /* Frameworks */ = {
			isa = PBXFrameworksBuildPhase;
			buildActionMask = 2147483647;
			files = (
			);
			runOnlyForDeploymentPostprocessing = 0;
		};
/* End PBXFrameworksBuildPhase section */

/* Begin PBXGroup section */
		0305D05C2BCB1F8000D3F92B = {
			isa = PBXGroup;
			children = (
				0305D0672BCB1F8000D3F92B /* Lecture-17-Homework */,
				0305D0662BCB1F8000D3F92B /* Products */,
			);
			sourceTree = "<group>";
		};
		0305D0662BCB1F8000D3F92B /* Products */ = {
			isa = PBXGroup;
			children = (
				0305D0652BCB1F8000D3F92B /* Lecture-17-Homework.app */,
			);
			name = Products;
			sourceTree = "<group>";
		};
		0305D0672BCB1F8000D3F92B /* Lecture-17-Homework */ = {
			isa = PBXGroup;
			children = (
				0305D07C2BCB202C00D3F92B /* App */,
				0305D0802BCB215100D3F92B /* Extensions */,
				0305D07D2BCB203A00D3F92B /* Controllers */,
				0305D0712BCB1F8100D3F92B /* Assets.xcassets */,
				0305D0732BCB1F8100D3F92B /* LaunchScreen.storyboard */,
				0305D0762BCB1F8100D3F92B /* Info.plist */,
				034E7FB92BCBFEFC00F3500C /* Models */,
				034E7FBE2BCC010000F3500C /* Enums */,
				0305D08B2BCB5D9B00D3F92B /* Data */,
				03CB3EEB2BCC0E89009E7AD7 /* Components */,
			);
			path = "Lecture-17-Homework";
			sourceTree = "<group>";
		};
		0305D07C2BCB202C00D3F92B /* App */ = {
			isa = PBXGroup;
			children = (
				0305D0682BCB1F8000D3F92B /* AppDelegate.swift */,
				0305D06A2BCB1F8000D3F92B /* SceneDelegate.swift */,
			);
			path = App;
			sourceTree = "<group>";
		};
		0305D07D2BCB203A00D3F92B /* Controllers */ = {
			isa = PBXGroup;
			children = (
				0305D07E2BCB210B00D3F92B /* BaseVC.swift */,
				0305D0872BCB47C100D3F92B /* LaunchScreenVC.swift */,
				0305D06C2BCB1F8000D3F92B /* ViewController.swift */,
				0305D0832BCB467100D3F92B /* OnboardingVC.swift */,
				0305D0852BCB471500D3F92B /* NewCardVC.swift */,
			);
			path = Controllers;
			sourceTree = "<group>";
		};
		0305D0802BCB215100D3F92B /* Extensions */ = {
			isa = PBXGroup;
			children = (
				0305D0812BCB217D00D3F92B /* UIColor.swift */,
			);
			path = Extensions;
			sourceTree = "<group>";
		};
		0305D08B2BCB5D9B00D3F92B /* Data */ = {
			isa = PBXGroup;
			children = (
				0305D08C2BCB5DA500D3F92B /* Data.swift */,
			);
			path = Data;
			sourceTree = "<group>";
		};
		034E7FB92BCBFEFC00F3500C /* Models */ = {
			isa = PBXGroup;
			children = (
				034E7FBA2BCBFF2700F3500C /* CardModel.swift */,
			);
			path = Models;
			sourceTree = "<group>";
		};
		034E7FBE2BCC010000F3500C /* Enums */ = {
			isa = PBXGroup;
			children = (
				034E7FBC2BCC00FA00F3500C /* CardEnums.swift */,
			);
			path = Enums;
			sourceTree = "<group>";
		};
		03CB3EEB2BCC0E89009E7AD7 /* Components */ = {
			isa = PBXGroup;
			children = (
				034E7FBF2BCC067B00F3500C /* ComplainCell.swift */,
				03CB3EEC2BCC0EC6009E7AD7 /* AppButton.swift */,
				03CB3EEE2BCC2C8B009E7AD7 /* IconCell.swift */,
			);
			path = Components;
			sourceTree = "<group>";
		};
/* End PBXGroup section */

/* Begin PBXNativeTarget section */
		0305D0642BCB1F8000D3F92B /* Lecture-17-Homework */ = {
			isa = PBXNativeTarget;
			buildConfigurationList = 0305D0792BCB1F8100D3F92B /* Build configuration list for PBXNativeTarget "Lecture-17-Homework" */;
			buildPhases = (
				0305D0612BCB1F8000D3F92B /* Sources */,
				0305D0622BCB1F8000D3F92B /* Frameworks */,
				0305D0632BCB1F8000D3F92B /* Resources */,
			);
			buildRules = (
			);
			dependencies = (
			);
			name = "Lecture-17-Homework";
			productName = "Lecture-17-Homework";
			productReference = 0305D0652BCB1F8000D3F92B /* Lecture-17-Homework.app */;
			productType = "com.apple.product-type.application";
		};
/* End PBXNativeTarget section */

/* Begin PBXProject section */
		0305D05D2BCB1F8000D3F92B /* Project object */ = {
			isa = PBXProject;
			attributes = {
				BuildIndependentTargetsInParallel = 1;
				LastSwiftUpdateCheck = 1530;
				LastUpgradeCheck = 1530;
				TargetAttributes = {
					0305D0642BCB1F8000D3F92B = {
						CreatedOnToolsVersion = 15.3;
					};
				};
			};
			buildConfigurationList = 0305D0602BCB1F8000D3F92B /* Build configuration list for PBXProject "Lecture-17-Homework" */;
			compatibilityVersion = "Xcode 14.0";
			developmentRegion = en;
			hasScannedForEncodings = 0;
			knownRegions = (
				en,
				Base,
			);
			mainGroup = 0305D05C2BCB1F8000D3F92B;
			productRefGroup = 0305D0662BCB1F8000D3F92B /* Products */;
			projectDirPath = "";
			projectRoot = "";
			targets = (
				0305D0642BCB1F8000D3F92B /* Lecture-17-Homework */,
			);
		};
/* End PBXProject section */

/* Begin PBXResourcesBuildPhase section */
		0305D0632BCB1F8000D3F92B /* Resources */ = {
			isa = PBXResourcesBuildPhase;
			buildActionMask = 2147483647;
			files = (
				0305D0722BCB1F8100D3F92B /* Assets.xcassets in Resources */,
				0305D0752BCB1F8100D3F92B /* Base in Resources */,
			);
			runOnlyForDeploymentPostprocessing = 0;
		};
/* End PBXResourcesBuildPhase section */

/* Begin PBXSourcesBuildPhase section */
		0305D0612BCB1F8000D3F92B /* Sources */ = {
			isa = PBXSourcesBuildPhase;
			buildActionMask = 2147483647;
			files = (
				034E7FC02BCC067B00F3500C /* ComplainCell.swift in Sources */,
				034E7FBD2BCC00FA00F3500C /* CardEnums.swift in Sources */,
				0305D06D2BCB1F8000D3F92B /* ViewController.swift in Sources */,
				034E7FBB2BCBFF2700F3500C /* CardModel.swift in Sources */,
				0305D08D2BCB5DA500D3F92B /* Data.swift in Sources */,
				0305D0842BCB467100D3F92B /* OnboardingVC.swift in Sources */,
				0305D0692BCB1F8000D3F92B /* AppDelegate.swift in Sources */,
				0305D0882BCB47C100D3F92B /* LaunchScreenVC.swift in Sources */,
				03CB3EEF2BCC2C8B009E7AD7 /* IconCell.swift in Sources */,
				0305D06B2BCB1F8000D3F92B /* SceneDelegate.swift in Sources */,
				03CB3EED2BCC0EC6009E7AD7 /* AppButton.swift in Sources */,
				0305D0862BCB471500D3F92B /* NewCardVC.swift in Sources */,
				0305D07F2BCB210B00D3F92B /* BaseVC.swift in Sources */,
				0305D0822BCB217D00D3F92B /* UIColor.swift in Sources */,
			);
			runOnlyForDeploymentPostprocessing = 0;
		};
/* End PBXSourcesBuildPhase section */

/* Begin PBXVariantGroup section */
		0305D0732BCB1F8100D3F92B /* LaunchScreen.storyboard */ = {
			isa = PBXVariantGroup;
			children = (
				0305D0742BCB1F8100D3F92B /* Base */,
			);
			name = LaunchScreen.storyboard;
			sourceTree = "<group>";
		};
/* End PBXVariantGroup section */

/* Begin XCBuildConfiguration section */
		0305D0772BCB1F8100D3F92B /* Debug */ = {
			isa = XCBuildConfiguration;
			buildSettings = {
				ALWAYS_SEARCH_USER_PATHS = NO;
				ASSETCATALOG_COMPILER_GENERATE_SWIFT_ASSET_SYMBOL_EXTENSIONS = YES;
				CLANG_ANALYZER_NONNULL = YES;
				CLANG_ANALYZER_NUMBER_OBJECT_CONVERSION = YES_AGGRESSIVE;
				CLANG_CXX_LANGUAGE_STANDARD = "gnu++20";
				CLANG_ENABLE_MODULES = YES;
				CLANG_ENABLE_OBJC_ARC = YES;
				CLANG_ENABLE_OBJC_WEAK = YES;
				CLANG_WARN_BLOCK_CAPTURE_AUTORELEASING = YES;
				CLANG_WARN_BOOL_CONVERSION = YES;
				CLANG_WARN_COMMA = YES;
				CLANG_WARN_CONSTANT_CONVERSION = YES;
				CLANG_WARN_DEPRECATED_OBJC_IMPLEMENTATIONS = YES;
				CLANG_WARN_DIRECT_OBJC_ISA_USAGE = YES_ERROR;
				CLANG_WARN_DOCUMENTATION_COMMENTS = YES;
				CLANG_WARN_EMPTY_BODY = YES;
				CLANG_WARN_ENUM_CONVERSION = YES;
				CLANG_WARN_INFINITE_RECURSION = YES;
				CLANG_WARN_INT_CONVERSION = YES;
				CLANG_WARN_NON_LITERAL_NULL_CONVERSION = YES;
				CLANG_WARN_OBJC_IMPLICIT_RETAIN_SELF = YES;
				CLANG_WARN_OBJC_LITERAL_CONVERSION = YES;
				CLANG_WARN_OBJC_ROOT_CLASS = YES_ERROR;
				CLANG_WARN_QUOTED_INCLUDE_IN_FRAMEWORK_HEADER = YES;
				CLANG_WARN_RANGE_LOOP_ANALYSIS = YES;
				CLANG_WARN_STRICT_PROTOTYPES = YES;
				CLANG_WARN_SUSPICIOUS_MOVE = YES;
				CLANG_WARN_UNGUARDED_AVAILABILITY = YES_AGGRESSIVE;
				CLANG_WARN_UNREACHABLE_CODE = YES;
				CLANG_WARN__DUPLICATE_METHOD_MATCH = YES;
				COPY_PHASE_STRIP = NO;
				DEBUG_INFORMATION_FORMAT = dwarf;
				ENABLE_STRICT_OBJC_MSGSEND = YES;
				ENABLE_TESTABILITY = YES;
				ENABLE_USER_SCRIPT_SANDBOXING = YES;
				GCC_C_LANGUAGE_STANDARD = gnu17;
				GCC_DYNAMIC_NO_PIC = NO;
				GCC_NO_COMMON_BLOCKS = YES;
				GCC_OPTIMIZATION_LEVEL = 0;
				GCC_PREPROCESSOR_DEFINITIONS = (
					"DEBUG=1",
					"$(inherited)",
				);
				GCC_WARN_64_TO_32_BIT_CONVERSION = YES;
				GCC_WARN_ABOUT_RETURN_TYPE = YES_ERROR;
				GCC_WARN_UNDECLARED_SELECTOR = YES;
				GCC_WARN_UNINITIALIZED_AUTOS = YES_AGGRESSIVE;
				GCC_WARN_UNUSED_FUNCTION = YES;
				GCC_WARN_UNUSED_VARIABLE = YES;
				IPHONEOS_DEPLOYMENT_TARGET = 17.4;
				LOCALIZATION_PREFERS_STRING_CATALOGS = YES;
				MTL_ENABLE_DEBUG_INFO = INCLUDE_SOURCE;
				MTL_FAST_MATH = YES;
				ONLY_ACTIVE_ARCH = YES;
				SDKROOT = iphoneos;
				SWIFT_ACTIVE_COMPILATION_CONDITIONS = "DEBUG $(inherited)";
				SWIFT_OPTIMIZATION_LEVEL = "-Onone";
			};
			name = Debug;
		};
		0305D0782BCB1F8100D3F92B /* Release */ = {
			isa = XCBuildConfiguration;
			buildSettings = {
				ALWAYS_SEARCH_USER_PATHS = NO;
				ASSETCATALOG_COMPILER_GENERATE_SWIFT_ASSET_SYMBOL_EXTENSIONS = YES;
				CLANG_ANALYZER_NONNULL = YES;
				CLANG_ANALYZER_NUMBER_OBJECT_CONVERSION = YES_AGGRESSIVE;
				CLANG_CXX_LANGUAGE_STANDARD = "gnu++20";
				CLANG_ENABLE_MODULES = YES;
				CLANG_ENABLE_OBJC_ARC = YES;
				CLANG_ENABLE_OBJC_WEAK = YES;
				CLANG_WARN_BLOCK_CAPTURE_AUTORELEASING = YES;
				CLANG_WARN_BOOL_CONVERSION = YES;
				CLANG_WARN_COMMA = YES;
				CLANG_WARN_CONSTANT_CONVERSION = YES;
				CLANG_WARN_DEPRECATED_OBJC_IMPLEMENTATIONS = YES;
				CLANG_WARN_DIRECT_OBJC_ISA_USAGE = YES_ERROR;
				CLANG_WARN_DOCUMENTATION_COMMENTS = YES;
				CLANG_WARN_EMPTY_BODY = YES;
				CLANG_WARN_ENUM_CONVERSION = YES;
				CLANG_WARN_INFINITE_RECURSION = YES;
				CLANG_WARN_INT_CONVERSION = YES;
				CLANG_WARN_NON_LITERAL_NULL_CONVERSION = YES;
				CLANG_WARN_OBJC_IMPLICIT_RETAIN_SELF = YES;
				CLANG_WARN_OBJC_LITERAL_CONVERSION = YES;
				CLANG_WARN_OBJC_ROOT_CLASS = YES_ERROR;
				CLANG_WARN_QUOTED_INCLUDE_IN_FRAMEWORK_HEADER = YES;
				CLANG_WARN_RANGE_LOOP_ANALYSIS = YES;
				CLANG_WARN_STRICT_PROTOTYPES = YES;
				CLANG_WARN_SUSPICIOUS_MOVE = YES;
				CLANG_WARN_UNGUARDED_AVAILABILITY = YES_AGGRESSIVE;
				CLANG_WARN_UNREACHABLE_CODE = YES;
				CLANG_WARN__DUPLICATE_METHOD_MATCH = YES;
				COPY_PHASE_STRIP = NO;
				DEBUG_INFORMATION_FORMAT = "dwarf-with-dsym";
				ENABLE_NS_ASSERTIONS = NO;
				ENABLE_STRICT_OBJC_MSGSEND = YES;
				ENABLE_USER_SCRIPT_SANDBOXING = YES;
				GCC_C_LANGUAGE_STANDARD = gnu17;
				GCC_NO_COMMON_BLOCKS = YES;
				GCC_WARN_64_TO_32_BIT_CONVERSION = YES;
				GCC_WARN_ABOUT_RETURN_TYPE = YES_ERROR;
				GCC_WARN_UNDECLARED_SELECTOR = YES;
				GCC_WARN_UNINITIALIZED_AUTOS = YES_AGGRESSIVE;
				GCC_WARN_UNUSED_FUNCTION = YES;
				GCC_WARN_UNUSED_VARIABLE = YES;
				IPHONEOS_DEPLOYMENT_TARGET = 17.4;
				LOCALIZATION_PREFERS_STRING_CATALOGS = YES;
				MTL_ENABLE_DEBUG_INFO = NO;
				MTL_FAST_MATH = YES;
				SDKROOT = iphoneos;
				SWIFT_COMPILATION_MODE = wholemodule;
				VALIDATE_PRODUCT = YES;
			};
			name = Release;
		};
		0305D07A2BCB1F8100D3F92B /* Debug */ = {
			isa = XCBuildConfiguration;
			buildSettings = {
				ASSETCATALOG_COMPILER_APPICON_NAME = AppIcon;
				ASSETCATALOG_COMPILER_GLOBAL_ACCENT_COLOR_NAME = AccentColor;
				CODE_SIGN_STYLE = Automatic;
				CURRENT_PROJECT_VERSION = 1;
				DEVELOPMENT_TEAM = KAF94HHT28;
				GENERATE_INFOPLIST_FILE = YES;
				INFOPLIST_FILE = "Lecture-17-Homework/Info.plist";
				INFOPLIST_KEY_UIApplicationSupportsIndirectInputEvents = YES;
				INFOPLIST_KEY_UILaunchStoryboardName = LaunchScreen;
				INFOPLIST_KEY_UISupportedInterfaceOrientations_iPad = "UIInterfaceOrientationPortrait UIInterfaceOrientationPortraitUpsideDown UIInterfaceOrientationLandscapeLeft UIInterfaceOrientationLandscapeRight";
				INFOPLIST_KEY_UISupportedInterfaceOrientations_iPhone = "UIInterfaceOrientationPortrait UIInterfaceOrientationLandscapeLeft UIInterfaceOrientationLandscapeRight";
				LD_RUNPATH_SEARCH_PATHS = (
					"$(inherited)",
					"@executable_path/Frameworks",
				);
				MARKETING_VERSION = 1.0;
				PRODUCT_BUNDLE_IDENTIFIER = "com.example.barbare.Lecture-17-Homework";
				PRODUCT_NAME = "$(TARGET_NAME)";
				SWIFT_EMIT_LOC_STRINGS = YES;
				SWIFT_VERSION = 5.0;
				TARGETED_DEVICE_FAMILY = "1,2";
			};
			name = Debug;
		};
		0305D07B2BCB1F8100D3F92B /* Release */ = {
			isa = XCBuildConfiguration;
			buildSettings = {
				ASSETCATALOG_COMPILER_APPICON_NAME = AppIcon;
				ASSETCATALOG_COMPILER_GLOBAL_ACCENT_COLOR_NAME = AccentColor;
				CODE_SIGN_STYLE = Automatic;
				CURRENT_PROJECT_VERSION = 1;
				DEVELOPMENT_TEAM = KAF94HHT28;
				GENERATE_INFOPLIST_FILE = YES;
				INFOPLIST_FILE = "Lecture-17-Homework/Info.plist";
				INFOPLIST_KEY_UIApplicationSupportsIndirectInputEvents = YES;
				INFOPLIST_KEY_UILaunchStoryboardName = LaunchScreen;
				INFOPLIST_KEY_UISupportedInterfaceOrientations_iPad = "UIInterfaceOrientationPortrait UIInterfaceOrientationPortraitUpsideDown UIInterfaceOrientationLandscapeLeft UIInterfaceOrientationLandscapeRight";
				INFOPLIST_KEY_UISupportedInterfaceOrientations_iPhone = "UIInterfaceOrientationPortrait UIInterfaceOrientationLandscapeLeft UIInterfaceOrientationLandscapeRight";
				LD_RUNPATH_SEARCH_PATHS = (
					"$(inherited)",
					"@executable_path/Frameworks",
				);
				MARKETING_VERSION = 1.0;
				PRODUCT_BUNDLE_IDENTIFIER = "com.example.barbare.Lecture-17-Homework";
				PRODUCT_NAME = "$(TARGET_NAME)";
				SWIFT_EMIT_LOC_STRINGS = YES;
				SWIFT_VERSION = 5.0;
				TARGETED_DEVICE_FAMILY = "1,2";
			};
			name = Release;
		};
/* End XCBuildConfiguration section */

/* Begin XCConfigurationList section */
		0305D0602BCB1F8000D3F92B /* Build configuration list for PBXProject "Lecture-17-Homework" */ = {
			isa = XCConfigurationList;
			buildConfigurations = (
				0305D0772BCB1F8100D3F92B /* Debug */,
				0305D0782BCB1F8100D3F92B /* Release */,
			);
			defaultConfigurationIsVisible = 0;
			defaultConfigurationName = Release;
		};
		0305D0792BCB1F8100D3F92B /* Build configuration list for PBXNativeTarget "Lecture-17-Homework" */ = {
			isa = XCConfigurationList;
			buildConfigurations = (
				0305D07A2BCB1F8100D3F92B /* Debug */,
				0305D07B2BCB1F8100D3F92B /* Release */,
			);
			defaultConfigurationIsVisible = 0;
			defaultConfigurationName = Release;
		};
/* End XCConfigurationList section */
	};
	rootObject = 0305D05D2BCB1F8000D3F92B /* Project object */;
}
