// !$*UTF8*$!
{
	archiveVersion = 1;
	classes = {
	};
	objectVersion = 56;
	objects = {

/* Begin PBXBuildFile section */
		03770F002BCA0F790010351C /* ImageResizer.swift in Sources */ = {isa = PBXBuildFile; fileRef = 03770EFF2BCA0F790010351C /* ImageResizer.swift */; };
		03E0587A2BC9B97C00D1D75C /* AppDelegate.swift in Sources */ = {isa = PBXBuildFile; fileRef = 03E058792BC9B97C00D1D75C /* AppDelegate.swift */; };
		03E0587C2BC9B97C00D1D75C /* SceneDelegate.swift in Sources */ = {isa = PBXBuildFile; fileRef = 03E0587B2BC9B97C00D1D75C /* SceneDelegate.swift */; };
		03E0587E2BC9B97C00D1D75C /* ViewController.swift in Sources */ = {isa = PBXBuildFile; fileRef = 03E0587D2BC9B97C00D1D75C /* ViewController.swift */; };
		03E058832BC9B97C00D1D75C /* Assets.xcassets in Resources */ = {isa = PBXBuildFile; fileRef = 03E058822BC9B97C00D1D75C /* Assets.xcassets */; };
		03E058862BC9B97C00D1D75C /* Base in Resources */ = {isa = PBXBuildFile; fileRef = 03E058852BC9B97C00D1D75C /* Base */; };
		03E0588F2BC9BCAE00D1D75C /* DataModel.swift in Sources */ = {isa = PBXBuildFile; fileRef = 03E0588E2BC9BCAE00D1D75C /* DataModel.swift */; };
		03E058912BC9BD0E00D1D75C /* Data.swift in Sources */ = {isa = PBXBuildFile; fileRef = 03E058902BC9BD0E00D1D75C /* Data.swift */; };
		03E058942BC9C41C00D1D75C /* DetailsVC.swift in Sources */ = {isa = PBXBuildFile; fileRef = 03E058932BC9C41C00D1D75C /* DetailsVC.swift */; };
/* End PBXBuildFile section */

/* Begin PBXFileReference section */
		03770EFF2BCA0F790010351C /* ImageResizer.swift */ = {isa = PBXFileReference; lastKnownFileType = sourcecode.swift; path = ImageResizer.swift; sourceTree = "<group>"; };
		03E058762BC9B97C00D1D75C /* Lecture-16-Homework.app */ = {isa = PBXFileReference; explicitFileType = wrapper.application; includeInIndex = 0; path = "Lecture-16-Homework.app"; sourceTree = BUILT_PRODUCTS_DIR; };
		03E058792BC9B97C00D1D75C /* AppDelegate.swift */ = {isa = PBXFileReference; lastKnownFileType = sourcecode.swift; path = AppDelegate.swift; sourceTree = "<group>"; };
		03E0587B2BC9B97C00D1D75C /* SceneDelegate.swift */ = {isa = PBXFileReference; lastKnownFileType = sourcecode.swift; path = SceneDelegate.swift; sourceTree = "<group>"; };
		03E0587D2BC9B97C00D1D75C /* ViewController.swift */ = {isa = PBXFileReference; lastKnownFileType = sourcecode.swift; path = ViewController.swift; sourceTree = "<group>"; };
		03E058822BC9B97C00D1D75C /* Assets.xcassets */ = {isa = PBXFileReference; lastKnownFileType = folder.assetcatalog; path = Assets.xcassets; sourceTree = "<group>"; };
		03E058852BC9B97C00D1D75C /* Base */ = {isa = PBXFileReference; lastKnownFileType = file.storyboard; name = Base; path = Base.lproj/LaunchScreen.storyboard; sourceTree = "<group>"; };
		03E058872BC9B97C00D1D75C /* Info.plist */ = {isa = PBXFileReference; lastKnownFileType = text.plist.xml; path = Info.plist; sourceTree = "<group>"; };
		03E0588E2BC9BCAE00D1D75C /* DataModel.swift */ = {isa = PBXFileReference; lastKnownFileType = sourcecode.swift; path = DataModel.swift; sourceTree = "<group>"; };
		03E058902BC9BD0E00D1D75C /* Data.swift */ = {isa = PBXFileReference; lastKnownFileType = sourcecode.swift; path = Data.swift; sourceTree = "<group>"; };
		03E058932BC9C41C00D1D75C /* DetailsVC.swift */ = {isa = PBXFileReference; lastKnownFileType = sourcecode.swift; path = DetailsVC.swift; sourceTree = "<group>"; };
/* End PBXFileReference section */

/* Begin PBXFrameworksBuildPhase section */
		03E058732BC9B97C00D1D75C /* Frameworks */ = {
			isa = PBXFrameworksBuildPhase;
			buildActionMask = 2147483647;
			files = (
			);
			runOnlyForDeploymentPostprocessing = 0;
		};
/* End PBXFrameworksBuildPhase section */

/* Begin PBXGroup section */
		03770F012BCA11100010351C /* Extensions */ = {
			isa = PBXGroup;
			children = (
				03770EFF2BCA0F790010351C /* ImageResizer.swift */,
			);
			path = Extensions;
			sourceTree = "<group>";
		};
		03872A492BC9E2930004038A /* App */ = {
			isa = PBXGroup;
			children = (
				03E058792BC9B97C00D1D75C /* AppDelegate.swift */,
				03E0587B2BC9B97C00D1D75C /* SceneDelegate.swift */,
			);
			path = App;
			sourceTree = "<group>";
		};
		03E0586D2BC9B97B00D1D75C = {
			isa = PBXGroup;
			children = (
				03E058782BC9B97C00D1D75C /* Lecture-16-Homework */,
				03E058772BC9B97C00D1D75C /* Products */,
			);
			sourceTree = "<group>";
		};
		03E058772BC9B97C00D1D75C /* Products */ = {
			isa = PBXGroup;
			children = (
				03E058762BC9B97C00D1D75C /* Lecture-16-Homework.app */,
			);
			name = Products;
			sourceTree = "<group>";
		};
		03E058782BC9B97C00D1D75C /* Lecture-16-Homework */ = {
			isa = PBXGroup;
			children = (
				03872A492BC9E2930004038A /* App */,
				03E0588D2BC9BC9C00D1D75C /* Data */,
				03E058922BC9C40900D1D75C /* Controllers */,
				03E058822BC9B97C00D1D75C /* Assets.xcassets */,
				03E058842BC9B97C00D1D75C /* LaunchScreen.storyboard */,
				03E058872BC9B97C00D1D75C /* Info.plist */,
				03770F012BCA11100010351C /* Extensions */,
			);
			path = "Lecture-16-Homework";
			sourceTree = "<group>";
		};
		03E0588D2BC9BC9C00D1D75C /* Data */ = {
			isa = PBXGroup;
			children = (
				03E0588E2BC9BCAE00D1D75C /* DataModel.swift */,
				03E058902BC9BD0E00D1D75C /* Data.swift */,
			);
			path = Data;
			sourceTree = "<group>";
		};
		03E058922BC9C40900D1D75C /* Controllers */ = {
			isa = PBXGroup;
			children = (
				03E0587D2BC9B97C00D1D75C /* ViewController.swift */,
				03E058932BC9C41C00D1D75C /* DetailsVC.swift */,
			);
			path = Controllers;
			sourceTree = "<group>";
		};
/* End PBXGroup section */

/* Begin PBXNativeTarget section */
		03E058752BC9B97C00D1D75C /* Lecture-16-Homework */ = {
			isa = PBXNativeTarget;
			buildConfigurationList = 03E0588A2BC9B97C00D1D75C /* Build configuration list for PBXNativeTarget "Lecture-16-Homework" */;
			buildPhases = (
				03E058722BC9B97C00D1D75C /* Sources */,
				03E058732BC9B97C00D1D75C /* Frameworks */,
				03E058742BC9B97C00D1D75C /* Resources */,
			);
			buildRules = (
			);
			dependencies = (
			);
			name = "Lecture-16-Homework";
			productName = "Lecture-16-Homework";
			productReference = 03E058762BC9B97C00D1D75C /* Lecture-16-Homework.app */;
			productType = "com.apple.product-type.application";
		};
/* End PBXNativeTarget section */

/* Begin PBXProject section */
		03E0586E2BC9B97B00D1D75C /* Project object */ = {
			isa = PBXProject;
			attributes = {
				BuildIndependentTargetsInParallel = 1;
				LastSwiftUpdateCheck = 1530;
				LastUpgradeCheck = 1530;
				TargetAttributes = {
					03E058752BC9B97C00D1D75C = {
						CreatedOnToolsVersion = 15.3;
					};
				};
			};
			buildConfigurationList = 03E058712BC9B97B00D1D75C /* Build configuration list for PBXProject "Lecture-16-Homework" */;
			compatibilityVersion = "Xcode 14.0";
			developmentRegion = en;
			hasScannedForEncodings = 0;
			knownRegions = (
				en,
				Base,
			);
			mainGroup = 03E0586D2BC9B97B00D1D75C;
			productRefGroup = 03E058772BC9B97C00D1D75C /* Products */;
			projectDirPath = "";
			projectRoot = "";
			targets = (
				03E058752BC9B97C00D1D75C /* Lecture-16-Homework */,
			);
		};
/* End PBXProject section */

/* Begin PBXResourcesBuildPhase section */
		03E058742BC9B97C00D1D75C /* Resources */ = {
			isa = PBXResourcesBuildPhase;
			buildActionMask = 2147483647;
			files = (
				03E058832BC9B97C00D1D75C /* Assets.xcassets in Resources */,
				03E058862BC9B97C00D1D75C /* Base in Resources */,
			);
			runOnlyForDeploymentPostprocessing = 0;
		};
/* End PBXResourcesBuildPhase section */

/* Begin PBXSourcesBuildPhase section */
		03E058722BC9B97C00D1D75C /* Sources */ = {
			isa = PBXSourcesBuildPhase;
			buildActionMask = 2147483647;
			files = (
				03E0587E2BC9B97C00D1D75C /* ViewController.swift in Sources */,
				03E058942BC9C41C00D1D75C /* DetailsVC.swift in Sources */,
				03770F002BCA0F790010351C /* ImageResizer.swift in Sources */,
				03E058912BC9BD0E00D1D75C /* Data.swift in Sources */,
				03E0588F2BC9BCAE00D1D75C /* DataModel.swift in Sources */,
				03E0587A2BC9B97C00D1D75C /* AppDelegate.swift in Sources */,
				03E0587C2BC9B97C00D1D75C /* SceneDelegate.swift in Sources */,
			);
			runOnlyForDeploymentPostprocessing = 0;
		};
/* End PBXSourcesBuildPhase section */

/* Begin PBXVariantGroup section */
		03E058842BC9B97C00D1D75C /* LaunchScreen.storyboard */ = {
			isa = PBXVariantGroup;
			children = (
				03E058852BC9B97C00D1D75C /* Base */,
			);
			name = LaunchScreen.storyboard;
			sourceTree = "<group>";
		};
/* End PBXVariantGroup section */

/* Begin XCBuildConfiguration section */
		03E058882BC9B97C00D1D75C /* Debug */ = {
			isa = XCBuildConfiguration;
			buildSettings = {
				ALWAYS_SEARCH_USER_PATHS = NO;
				ASSETCATALOG_COMPILER_GENERATE_SWIFT_ASSET_SYMBOL_EXTENSIONS = YES;
				CLANG_ANALYZER_NONNULL = YES;
				CLANG_ANALYZER_NUMBER_OBJECT_CONVERSION = YES_AGGRESSIVE;
				CLANG_CXX_LANGUAGE_STANDARD = "gnu++20";
				CLANG_ENABLE_MODULES = YES;
				CLANG_ENABLE_OBJC_ARC = YES;
				CLANG_ENABLE_OBJC_WEAK = YES;
				CLANG_WARN_BLOCK_CAPTURE_AUTORELEASING = YES;
				CLANG_WARN_BOOL_CONVERSION = YES;
				CLANG_WARN_COMMA = YES;
				CLANG_WARN_CONSTANT_CONVERSION = YES;
				CLANG_WARN_DEPRECATED_OBJC_IMPLEMENTATIONS = YES;
				CLANG_WARN_DIRECT_OBJC_ISA_USAGE = YES_ERROR;
				CLANG_WARN_DOCUMENTATION_COMMENTS = YES;
				CLANG_WARN_EMPTY_BODY = YES;
				CLANG_WARN_ENUM_CONVERSION = YES;
				CLANG_WARN_INFINITE_RECURSION = YES;
				CLANG_WARN_INT_CONVERSION = YES;
				CLANG_WARN_NON_LITERAL_NULL_CONVERSION = YES;
				CLANG_WARN_OBJC_IMPLICIT_RETAIN_SELF = YES;
				CLANG_WARN_OBJC_LITERAL_CONVERSION = YES;
				CLANG_WARN_OBJC_ROOT_CLASS = YES_ERROR;
				CLANG_WARN_QUOTED_INCLUDE_IN_FRAMEWORK_HEADER = YES;
				CLANG_WARN_RANGE_LOOP_ANALYSIS = YES;
				CLANG_WARN_STRICT_PROTOTYPES = YES;
				CLANG_WARN_SUSPICIOUS_MOVE = YES;
				CLANG_WARN_UNGUARDED_AVAILABILITY = YES_AGGRESSIVE;
				CLANG_WARN_UNREACHABLE_CODE = YES;
				CLANG_WARN__DUPLICATE_METHOD_MATCH = YES;
				COPY_PHASE_STRIP = NO;
				DEBUG_INFORMATION_FORMAT = dwarf;
				ENABLE_STRICT_OBJC_MSGSEND = YES;
				ENABLE_TESTABILITY = YES;
				ENABLE_USER_SCRIPT_SANDBOXING = YES;
				GCC_C_LANGUAGE_STANDARD = gnu17;
				GCC_DYNAMIC_NO_PIC = NO;
				GCC_NO_COMMON_BLOCKS = YES;
				GCC_OPTIMIZATION_LEVEL = 0;
				GCC_PREPROCESSOR_DEFINITIONS = (
					"DEBUG=1",
					"$(inherited)",
				);
				GCC_WARN_64_TO_32_BIT_CONVERSION = YES;
				GCC_WARN_ABOUT_RETURN_TYPE = YES_ERROR;
				GCC_WARN_UNDECLARED_SELECTOR = YES;
				GCC_WARN_UNINITIALIZED_AUTOS = YES_AGGRESSIVE;
				GCC_WARN_UNUSED_FUNCTION = YES;
				GCC_WARN_UNUSED_VARIABLE = YES;
				IPHONEOS_DEPLOYMENT_TARGET = 17.4;
				LOCALIZATION_PREFERS_STRING_CATALOGS = YES;
				MTL_ENABLE_DEBUG_INFO = INCLUDE_SOURCE;
				MTL_FAST_MATH = YES;
				ONLY_ACTIVE_ARCH = YES;
				SDKROOT = iphoneos;
				SWIFT_ACTIVE_COMPILATION_CONDITIONS = "DEBUG $(inherited)";
				SWIFT_OPTIMIZATION_LEVEL = "-Onone";
			};
			name = Debug;
		};
		03E058892BC9B97C00D1D75C /* Release */ = {
			isa = XCBuildConfiguration;
			buildSettings = {
				ALWAYS_SEARCH_USER_PATHS = NO;
				ASSETCATALOG_COMPILER_GENERATE_SWIFT_ASSET_SYMBOL_EXTENSIONS = YES;
				CLANG_ANALYZER_NONNULL = YES;
				CLANG_ANALYZER_NUMBER_OBJECT_CONVERSION = YES_AGGRESSIVE;
				CLANG_CXX_LANGUAGE_STANDARD = "gnu++20";
				CLANG_ENABLE_MODULES = YES;
				CLANG_ENABLE_OBJC_ARC = YES;
				CLANG_ENABLE_OBJC_WEAK = YES;
				CLANG_WARN_BLOCK_CAPTURE_AUTORELEASING = YES;
				CLANG_WARN_BOOL_CONVERSION = YES;
				CLANG_WARN_COMMA = YES;
				CLANG_WARN_CONSTANT_CONVERSION = YES;
				CLANG_WARN_DEPRECATED_OBJC_IMPLEMENTATIONS = YES;
				CLANG_WARN_DIRECT_OBJC_ISA_USAGE = YES_ERROR;
				CLANG_WARN_DOCUMENTATION_COMMENTS = YES;
				CLANG_WARN_EMPTY_BODY = YES;
				CLANG_WARN_ENUM_CONVERSION = YES;
				CLANG_WARN_INFINITE_RECURSION = YES;
				CLANG_WARN_INT_CONVERSION = YES;
				CLANG_WARN_NON_LITERAL_NULL_CONVERSION = YES;
				CLANG_WARN_OBJC_IMPLICIT_RETAIN_SELF = YES;
				CLANG_WARN_OBJC_LITERAL_CONVERSION = YES;
				CLANG_WARN_OBJC_ROOT_CLASS = YES_ERROR;
				CLANG_WARN_QUOTED_INCLUDE_IN_FRAMEWORK_HEADER = YES;
				CLANG_WARN_RANGE_LOOP_ANALYSIS = YES;
				CLANG_WARN_STRICT_PROTOTYPES = YES;
				CLANG_WARN_SUSPICIOUS_MOVE = YES;
				CLANG_WARN_UNGUARDED_AVAILABILITY = YES_AGGRESSIVE;
				CLANG_WARN_UNREACHABLE_CODE = YES;
				CLANG_WARN__DUPLICATE_METHOD_MATCH = YES;
				COPY_PHASE_STRIP = NO;
				DEBUG_INFORMATION_FORMAT = "dwarf-with-dsym";
				ENABLE_NS_ASSERTIONS = NO;
				ENABLE_STRICT_OBJC_MSGSEND = YES;
				ENABLE_USER_SCRIPT_SANDBOXING = YES;
				GCC_C_LANGUAGE_STANDARD = gnu17;
				GCC_NO_COMMON_BLOCKS = YES;
				GCC_WARN_64_TO_32_BIT_CONVERSION = YES;
				GCC_WARN_ABOUT_RETURN_TYPE = YES_ERROR;
				GCC_WARN_UNDECLARED_SELECTOR = YES;
				GCC_WARN_UNINITIALIZED_AUTOS = YES_AGGRESSIVE;
				GCC_WARN_UNUSED_FUNCTION = YES;
				GCC_WARN_UNUSED_VARIABLE = YES;
				IPHONEOS_DEPLOYMENT_TARGET = 17.4;
				LOCALIZATION_PREFERS_STRING_CATALOGS = YES;
				MTL_ENABLE_DEBUG_INFO = NO;
				MTL_FAST_MATH = YES;
				SDKROOT = iphoneos;
				SWIFT_COMPILATION_MODE = wholemodule;
				VALIDATE_PRODUCT = YES;
			};
			name = Release;
		};
		03E0588B2BC9B97C00D1D75C /* Debug */ = {
			isa = XCBuildConfiguration;
			buildSettings = {
				ASSETCATALOG_COMPILER_APPICON_NAME = AppIcon;
				ASSETCATALOG_COMPILER_GLOBAL_ACCENT_COLOR_NAME = AccentColor;
				CODE_SIGN_STYLE = Automatic;
				CURRENT_PROJECT_VERSION = 1;
				DEVELOPMENT_TEAM = KAF94HHT28;
				GENERATE_INFOPLIST_FILE = YES;
				INFOPLIST_FILE = "Lecture-16-Homework/Info.plist";
				INFOPLIST_KEY_UIApplicationSupportsIndirectInputEvents = YES;
				INFOPLIST_KEY_UILaunchStoryboardName = LaunchScreen;
				INFOPLIST_KEY_UISupportedInterfaceOrientations_iPad = "UIInterfaceOrientationPortrait UIInterfaceOrientationPortraitUpsideDown UIInterfaceOrientationLandscapeLeft UIInterfaceOrientationLandscapeRight";
				INFOPLIST_KEY_UISupportedInterfaceOrientations_iPhone = "UIInterfaceOrientationPortrait UIInterfaceOrientationLandscapeLeft UIInterfaceOrientationLandscapeRight";
				LD_RUNPATH_SEARCH_PATHS = (
					"$(inherited)",
					"@executable_path/Frameworks",
				);
				MARKETING_VERSION = 1.0;
				PRODUCT_BUNDLE_IDENTIFIER = "com.example.barbare.Lecture-16-Homework";
				PRODUCT_NAME = "$(TARGET_NAME)";
				SWIFT_EMIT_LOC_STRINGS = YES;
				SWIFT_VERSION = 5.0;
				TARGETED_DEVICE_FAMILY = "1,2";
			};
			name = Debug;
		};
		03E0588C2BC9B97C00D1D75C /* Release */ = {
			isa = XCBuildConfiguration;
			buildSettings = {
				ASSETCATALOG_COMPILER_APPICON_NAME = AppIcon;
				ASSETCATALOG_COMPILER_GLOBAL_ACCENT_COLOR_NAME = AccentColor;
				CODE_SIGN_STYLE = Automatic;
				CURRENT_PROJECT_VERSION = 1;
				DEVELOPMENT_TEAM = KAF94HHT28;
				GENERATE_INFOPLIST_FILE = YES;
				INFOPLIST_FILE = "Lecture-16-Homework/Info.plist";
				INFOPLIST_KEY_UIApplicationSupportsIndirectInputEvents = YES;
				INFOPLIST_KEY_UILaunchStoryboardName = LaunchScreen;
				INFOPLIST_KEY_UISupportedInterfaceOrientations_iPad = "UIInterfaceOrientationPortrait UIInterfaceOrientationPortraitUpsideDown UIInterfaceOrientationLandscapeLeft UIInterfaceOrientationLandscapeRight";
				INFOPLIST_KEY_UISupportedInterfaceOrientations_iPhone = "UIInterfaceOrientationPortrait UIInterfaceOrientationLandscapeLeft UIInterfaceOrientationLandscapeRight";
				LD_RUNPATH_SEARCH_PATHS = (
					"$(inherited)",
					"@executable_path/Frameworks",
				);
				MARKETING_VERSION = 1.0;
				PRODUCT_BUNDLE_IDENTIFIER = "com.example.barbare.Lecture-16-Homework";
				PRODUCT_NAME = "$(TARGET_NAME)";
				SWIFT_EMIT_LOC_STRINGS = YES;
				SWIFT_VERSION = 5.0;
				TARGETED_DEVICE_FAMILY = "1,2";
			};
			name = Release;
		};
/* End XCBuildConfiguration section */

/* Begin XCConfigurationList section */
		03E058712BC9B97B00D1D75C /* Build configuration list for PBXProject "Lecture-16-Homework" */ = {
			isa = XCConfigurationList;
			buildConfigurations = (
				03E058882BC9B97C00D1D75C /* Debug */,
				03E058892BC9B97C00D1D75C /* Release */,
			);
			defaultConfigurationIsVisible = 0;
			defaultConfigurationName = Release;
		};
		03E0588A2BC9B97C00D1D75C /* Build configuration list for PBXNativeTarget "Lecture-16-Homework" */ = {
			isa = XCConfigurationList;
			buildConfigurations = (
				03E0588B2BC9B97C00D1D75C /* Debug */,
				03E0588C2BC9B97C00D1D75C /* Release */,
			);
			defaultConfigurationIsVisible = 0;
			defaultConfigurationName = Release;
		};
/* End XCConfigurationList section */
	};
	rootObject = 03E0586E2BC9B97B00D1D75C /* Project object */;
}
