// !$*UTF8*$!
{
	archiveVersion = 1;
	classes = {
	};
	objectVersion = 56;
	objects = {

/* Begin PBXBuildFile section */
		031AB5622BD3051100F33C8C /* NewsVC.swift in Sources */ = {isa = PBXBuildFile; fileRef = 031AB5612BD3051100F33C8C /* NewsVC.swift */; };
		031AB5642BD315B800F33C8C /* NewsCell.swift in Sources */ = {isa = PBXBuildFile; fileRef = 031AB5632BD315B800F33C8C /* NewsCell.swift */; };
		031AB5672BD3213100F33C8C /* UIColor.swift in Sources */ = {isa = PBXBuildFile; fileRef = 031AB5662BD3213100F33C8C /* UIColor.swift */; };
		031AB56A2BD3216700F33C8C /* NewsModel.swift in Sources */ = {isa = PBXBuildFile; fileRef = 031AB5692BD3216700F33C8C /* NewsModel.swift */; };
		031AB56D2BD32E8000F33C8C /* NewsResponseData.swift in Sources */ = {isa = PBXBuildFile; fileRef = 031AB56C2BD32E8000F33C8C /* NewsResponseData.swift */; };
		031AB56F2BD3303600F33C8C /* GetNewsService.swift in Sources */ = {isa = PBXBuildFile; fileRef = 031AB56E2BD3303600F33C8C /* GetNewsService.swift */; };
		031AB5712BD3310200F33C8C /* NetworkEnums.swift in Sources */ = {isa = PBXBuildFile; fileRef = 031AB5702BD3310200F33C8C /* NetworkEnums.swift */; };
		03C2A9852BD2FBFE006B3155 /* AppDelegate.swift in Sources */ = {isa = PBXBuildFile; fileRef = 03C2A9842BD2FBFE006B3155 /* AppDelegate.swift */; };
		03C2A9872BD2FBFE006B3155 /* SceneDelegate.swift in Sources */ = {isa = PBXBuildFile; fileRef = 03C2A9862BD2FBFE006B3155 /* SceneDelegate.swift */; };
		03C2A9892BD2FBFE006B3155 /* ViewController.swift in Sources */ = {isa = PBXBuildFile; fileRef = 03C2A9882BD2FBFE006B3155 /* ViewController.swift */; };
		03C2A98E2BD2FBFF006B3155 /* Assets.xcassets in Resources */ = {isa = PBXBuildFile; fileRef = 03C2A98D2BD2FBFF006B3155 /* Assets.xcassets */; };
		03C2A9912BD2FBFF006B3155 /* Base in Resources */ = {isa = PBXBuildFile; fileRef = 03C2A9902BD2FBFF006B3155 /* Base */; };
/* End PBXBuildFile section */

/* Begin PBXFileReference section */
		031AB5612BD3051100F33C8C /* NewsVC.swift */ = {isa = PBXFileReference; lastKnownFileType = sourcecode.swift; path = NewsVC.swift; sourceTree = "<group>"; };
		031AB5632BD315B800F33C8C /* NewsCell.swift */ = {isa = PBXFileReference; lastKnownFileType = sourcecode.swift; path = NewsCell.swift; sourceTree = "<group>"; };
		031AB5662BD3213100F33C8C /* UIColor.swift */ = {isa = PBXFileReference; lastKnownFileType = sourcecode.swift; path = UIColor.swift; sourceTree = "<group>"; };
		031AB5692BD3216700F33C8C /* NewsModel.swift */ = {isa = PBXFileReference; lastKnownFileType = sourcecode.swift; path = NewsModel.swift; sourceTree = "<group>"; };
		031AB56C2BD32E8000F33C8C /* NewsResponseData.swift */ = {isa = PBXFileReference; lastKnownFileType = sourcecode.swift; path = NewsResponseData.swift; sourceTree = "<group>"; };
		031AB56E2BD3303600F33C8C /* GetNewsService.swift */ = {isa = PBXFileReference; lastKnownFileType = sourcecode.swift; path = GetNewsService.swift; sourceTree = "<group>"; };
		031AB5702BD3310200F33C8C /* NetworkEnums.swift */ = {isa = PBXFileReference; lastKnownFileType = sourcecode.swift; path = NetworkEnums.swift; sourceTree = "<group>"; };
		03C2A9812BD2FBFE006B3155 /* Lecture-19-Homework.app */ = {isa = PBXFileReference; explicitFileType = wrapper.application; includeInIndex = 0; path = "Lecture-19-Homework.app"; sourceTree = BUILT_PRODUCTS_DIR; };
		03C2A9842BD2FBFE006B3155 /* AppDelegate.swift */ = {isa = PBXFileReference; lastKnownFileType = sourcecode.swift; path = AppDelegate.swift; sourceTree = "<group>"; };
		03C2A9862BD2FBFE006B3155 /* SceneDelegate.swift */ = {isa = PBXFileReference; lastKnownFileType = sourcecode.swift; path = SceneDelegate.swift; sourceTree = "<group>"; };
		03C2A9882BD2FBFE006B3155 /* ViewController.swift */ = {isa = PBXFileReference; lastKnownFileType = sourcecode.swift; path = ViewController.swift; sourceTree = "<group>"; };
		03C2A98D2BD2FBFF006B3155 /* Assets.xcassets */ = {isa = PBXFileReference; lastKnownFileType = folder.assetcatalog; path = Assets.xcassets; sourceTree = "<group>"; };
		03C2A9902BD2FBFF006B3155 /* Base */ = {isa = PBXFileReference; lastKnownFileType = file.storyboard; name = Base; path = Base.lproj/LaunchScreen.storyboard; sourceTree = "<group>"; };
		03C2A9922BD2FBFF006B3155 /* Info.plist */ = {isa = PBXFileReference; lastKnownFileType = text.plist.xml; path = Info.plist; sourceTree = "<group>"; };
/* End PBXFileReference section */

/* Begin PBXFrameworksBuildPhase section */
		03C2A97E2BD2FBFE006B3155 /* Frameworks */ = {
			isa = PBXFrameworksBuildPhase;
			buildActionMask = 2147483647;
			files = (
			);
			runOnlyForDeploymentPostprocessing = 0;
		};
/* End PBXFrameworksBuildPhase section */

/* Begin PBXGroup section */
		031AB5652BD3210A00F33C8C /* Cells */ = {
			isa = PBXGroup;
			children = (
				031AB5632BD315B800F33C8C /* NewsCell.swift */,
			);
			path = Cells;
			sourceTree = "<group>";
		};
		031AB5682BD3213C00F33C8C /* Extensions */ = {
			isa = PBXGroup;
			children = (
				031AB5662BD3213100F33C8C /* UIColor.swift */,
			);
			path = Extensions;
			sourceTree = "<group>";
		};
		031AB56B2BD3216A00F33C8C /* Models */ = {
			isa = PBXGroup;
			children = (
				031AB5692BD3216700F33C8C /* NewsModel.swift */,
				031AB56C2BD32E8000F33C8C /* NewsResponseData.swift */,
			);
			path = Models;
			sourceTree = "<group>";
		};
		035769012BD3CA9B00D9C929 /* Services */ = {
			isa = PBXGroup;
			children = (
				031AB56E2BD3303600F33C8C /* GetNewsService.swift */,
			);
			path = Services;
			sourceTree = "<group>";
		};
		035769022BD3CAA500D9C929 /* Enums */ = {
			isa = PBXGroup;
			children = (
				031AB5702BD3310200F33C8C /* NetworkEnums.swift */,
			);
			path = Enums;
			sourceTree = "<group>";
		};
		035769032BD4074A00D9C929 /* Launch */ = {
			isa = PBXGroup;
			children = (
				03C2A98F2BD2FBFF006B3155 /* LaunchScreen.storyboard */,
			);
			path = Launch;
			sourceTree = "<group>";
		};
		035769042BD407B200D9C929 /* Resources */ = {
			isa = PBXGroup;
			children = (
				03C2A9922BD2FBFF006B3155 /* Info.plist */,
				03C2A98D2BD2FBFF006B3155 /* Assets.xcassets */,
			);
			path = Resources;
			sourceTree = "<group>";
		};
		03C2A9782BD2FBFE006B3155 = {
			isa = PBXGroup;
			children = (
				03C2A9832BD2FBFE006B3155 /* Lecture-19-Homework */,
				03C2A9822BD2FBFE006B3155 /* Products */,
			);
			sourceTree = "<group>";
		};
		03C2A9822BD2FBFE006B3155 /* Products */ = {
			isa = PBXGroup;
			children = (
				03C2A9812BD2FBFE006B3155 /* Lecture-19-Homework.app */,
			);
			name = Products;
			sourceTree = "<group>";
		};
		03C2A9832BD2FBFE006B3155 /* Lecture-19-Homework */ = {
			isa = PBXGroup;
			children = (
				03C2A9982BD3049A006B3155 /* App */,
				03C2A9992BD304A6006B3155 /* ViewControllers */,
				035769042BD407B200D9C929 /* Resources */,
				031AB5652BD3210A00F33C8C /* Cells */,
				031AB5682BD3213C00F33C8C /* Extensions */,
				031AB56B2BD3216A00F33C8C /* Models */,
				035769012BD3CA9B00D9C929 /* Services */,
				035769022BD3CAA500D9C929 /* Enums */,
			);
			path = "Lecture-19-Homework";
			sourceTree = "<group>";
		};
		03C2A9982BD3049A006B3155 /* App */ = {
			isa = PBXGroup;
			children = (
				03C2A9842BD2FBFE006B3155 /* AppDelegate.swift */,
				03C2A9862BD2FBFE006B3155 /* SceneDelegate.swift */,
			);
			path = App;
			sourceTree = "<group>";
		};
		03C2A9992BD304A6006B3155 /* ViewControllers */ = {
			isa = PBXGroup;
			children = (
				035769032BD4074A00D9C929 /* Launch */,
				03C2A9882BD2FBFE006B3155 /* ViewController.swift */,
				031AB5612BD3051100F33C8C /* NewsVC.swift */,
			);
			path = ViewControllers;
			sourceTree = "<group>";
		};
/* End PBXGroup section */

/* Begin PBXNativeTarget section */
		03C2A9802BD2FBFE006B3155 /* Lecture-19-Homework */ = {
			isa = PBXNativeTarget;
			buildConfigurationList = 03C2A9952BD2FBFF006B3155 /* Build configuration list for PBXNativeTarget "Lecture-19-Homework" */;
			buildPhases = (
				03C2A97D2BD2FBFE006B3155 /* Sources */,
				03C2A97E2BD2FBFE006B3155 /* Frameworks */,
				03C2A97F2BD2FBFE006B3155 /* Resources */,
			);
			buildRules = (
			);
			dependencies = (
			);
			name = "Lecture-19-Homework";
			productName = "Lecture-19-Homework";
			productReference = 03C2A9812BD2FBFE006B3155 /* Lecture-19-Homework.app */;
			productType = "com.apple.product-type.application";
		};
/* End PBXNativeTarget section */

/* Begin PBXProject section */
		03C2A9792BD2FBFE006B3155 /* Project object */ = {
			isa = PBXProject;
			attributes = {
				BuildIndependentTargetsInParallel = 1;
				LastSwiftUpdateCheck = 1530;
				LastUpgradeCheck = 1530;
				TargetAttributes = {
					03C2A9802BD2FBFE006B3155 = {
						CreatedOnToolsVersion = 15.3;
					};
				};
			};
			buildConfigurationList = 03C2A97C2BD2FBFE006B3155 /* Build configuration list for PBXProject "Lecture-19-Homework" */;
			compatibilityVersion = "Xcode 14.0";
			developmentRegion = en;
			hasScannedForEncodings = 0;
			knownRegions = (
				en,
				Base,
			);
			mainGroup = 03C2A9782BD2FBFE006B3155;
			productRefGroup = 03C2A9822BD2FBFE006B3155 /* Products */;
			projectDirPath = "";
			projectRoot = "";
			targets = (
				03C2A9802BD2FBFE006B3155 /* Lecture-19-Homework */,
			);
		};
/* End PBXProject section */

/* Begin PBXResourcesBuildPhase section */
		03C2A97F2BD2FBFE006B3155 /* Resources */ = {
			isa = PBXResourcesBuildPhase;
			buildActionMask = 2147483647;
			files = (
				03C2A98E2BD2FBFF006B3155 /* Assets.xcassets in Resources */,
				03C2A9912BD2FBFF006B3155 /* Base in Resources */,
			);
			runOnlyForDeploymentPostprocessing = 0;
		};
/* End PBXResourcesBuildPhase section */

/* Begin PBXSourcesBuildPhase section */
		03C2A97D2BD2FBFE006B3155 /* Sources */ = {
			isa = PBXSourcesBuildPhase;
			buildActionMask = 2147483647;
			files = (
				031AB56F2BD3303600F33C8C /* GetNewsService.swift in Sources */,
				031AB56A2BD3216700F33C8C /* NewsModel.swift in Sources */,
				03C2A9892BD2FBFE006B3155 /* ViewController.swift in Sources */,
				031AB5672BD3213100F33C8C /* UIColor.swift in Sources */,
				031AB5622BD3051100F33C8C /* NewsVC.swift in Sources */,
				031AB5712BD3310200F33C8C /* NetworkEnums.swift in Sources */,
				03C2A9852BD2FBFE006B3155 /* AppDelegate.swift in Sources */,
				03C2A9872BD2FBFE006B3155 /* SceneDelegate.swift in Sources */,
				031AB5642BD315B800F33C8C /* NewsCell.swift in Sources */,
				031AB56D2BD32E8000F33C8C /* NewsResponseData.swift in Sources */,
			);
			runOnlyForDeploymentPostprocessing = 0;
		};
/* End PBXSourcesBuildPhase section */

/* Begin PBXVariantGroup section */
		03C2A98F2BD2FBFF006B3155 /* LaunchScreen.storyboard */ = {
			isa = PBXVariantGroup;
			children = (
				03C2A9902BD2FBFF006B3155 /* Base */,
			);
			name = LaunchScreen.storyboard;
			sourceTree = "<group>";
		};
/* End PBXVariantGroup section */

/* Begin XCBuildConfiguration section */
		03C2A9932BD2FBFF006B3155 /* Debug */ = {
			isa = XCBuildConfiguration;
			buildSettings = {
				ALWAYS_SEARCH_USER_PATHS = NO;
				ASSETCATALOG_COMPILER_GENERATE_SWIFT_ASSET_SYMBOL_EXTENSIONS = YES;
				CLANG_ANALYZER_NONNULL = YES;
				CLANG_ANALYZER_NUMBER_OBJECT_CONVERSION = YES_AGGRESSIVE;
				CLANG_CXX_LANGUAGE_STANDARD = "gnu++20";
				CLANG_ENABLE_MODULES = YES;
				CLANG_ENABLE_OBJC_ARC = YES;
				CLANG_ENABLE_OBJC_WEAK = YES;
				CLANG_WARN_BLOCK_CAPTURE_AUTORELEASING = YES;
				CLANG_WARN_BOOL_CONVERSION = YES;
				CLANG_WARN_COMMA = YES;
				CLANG_WARN_CONSTANT_CONVERSION = YES;
				CLANG_WARN_DEPRECATED_OBJC_IMPLEMENTATIONS = YES;
				CLANG_WARN_DIRECT_OBJC_ISA_USAGE = YES_ERROR;
				CLANG_WARN_DOCUMENTATION_COMMENTS = YES;
				CLANG_WARN_EMPTY_BODY = YES;
				CLANG_WARN_ENUM_CONVERSION = YES;
				CLANG_WARN_INFINITE_RECURSION = YES;
				CLANG_WARN_INT_CONVERSION = YES;
				CLANG_WARN_NON_LITERAL_NULL_CONVERSION = YES;
				CLANG_WARN_OBJC_IMPLICIT_RETAIN_SELF = YES;
				CLANG_WARN_OBJC_LITERAL_CONVERSION = YES;
				CLANG_WARN_OBJC_ROOT_CLASS = YES_ERROR;
				CLANG_WARN_QUOTED_INCLUDE_IN_FRAMEWORK_HEADER = YES;
				CLANG_WARN_RANGE_LOOP_ANALYSIS = YES;
				CLANG_WARN_STRICT_PROTOTYPES = YES;
				CLANG_WARN_SUSPICIOUS_MOVE = YES;
				CLANG_WARN_UNGUARDED_AVAILABILITY = YES_AGGRESSIVE;
				CLANG_WARN_UNREACHABLE_CODE = YES;
				CLANG_WARN__DUPLICATE_METHOD_MATCH = YES;
				COPY_PHASE_STRIP = NO;
				DEBUG_INFORMATION_FORMAT = dwarf;
				ENABLE_STRICT_OBJC_MSGSEND = YES;
				ENABLE_TESTABILITY = YES;
				ENABLE_USER_SCRIPT_SANDBOXING = YES;
				GCC_C_LANGUAGE_STANDARD = gnu17;
				GCC_DYNAMIC_NO_PIC = NO;
				GCC_NO_COMMON_BLOCKS = YES;
				GCC_OPTIMIZATION_LEVEL = 0;
				GCC_PREPROCESSOR_DEFINITIONS = (
					"DEBUG=1",
					"$(inherited)",
				);
				GCC_WARN_64_TO_32_BIT_CONVERSION = YES;
				GCC_WARN_ABOUT_RETURN_TYPE = YES_ERROR;
				GCC_WARN_UNDECLARED_SELECTOR = YES;
				GCC_WARN_UNINITIALIZED_AUTOS = YES_AGGRESSIVE;
				GCC_WARN_UNUSED_FUNCTION = YES;
				GCC_WARN_UNUSED_VARIABLE = YES;
				IPHONEOS_DEPLOYMENT_TARGET = 17.4;
				LOCALIZATION_PREFERS_STRING_CATALOGS = YES;
				MTL_ENABLE_DEBUG_INFO = INCLUDE_SOURCE;
				MTL_FAST_MATH = YES;
				ONLY_ACTIVE_ARCH = YES;
				SDKROOT = iphoneos;
				SWIFT_ACTIVE_COMPILATION_CONDITIONS = "DEBUG $(inherited)";
				SWIFT_OPTIMIZATION_LEVEL = "-Onone";
			};
			name = Debug;
		};
		03C2A9942BD2FBFF006B3155 /* Release */ = {
			isa = XCBuildConfiguration;
			buildSettings = {
				ALWAYS_SEARCH_USER_PATHS = NO;
				ASSETCATALOG_COMPILER_GENERATE_SWIFT_ASSET_SYMBOL_EXTENSIONS = YES;
				CLANG_ANALYZER_NONNULL = YES;
				CLANG_ANALYZER_NUMBER_OBJECT_CONVERSION = YES_AGGRESSIVE;
				CLANG_CXX_LANGUAGE_STANDARD = "gnu++20";
				CLANG_ENABLE_MODULES = YES;
				CLANG_ENABLE_OBJC_ARC = YES;
				CLANG_ENABLE_OBJC_WEAK = YES;
				CLANG_WARN_BLOCK_CAPTURE_AUTORELEASING = YES;
				CLANG_WARN_BOOL_CONVERSION = YES;
				CLANG_WARN_COMMA = YES;
				CLANG_WARN_CONSTANT_CONVERSION = YES;
				CLANG_WARN_DEPRECATED_OBJC_IMPLEMENTATIONS = YES;
				CLANG_WARN_DIRECT_OBJC_ISA_USAGE = YES_ERROR;
				CLANG_WARN_DOCUMENTATION_COMMENTS = YES;
				CLANG_WARN_EMPTY_BODY = YES;
				CLANG_WARN_ENUM_CONVERSION = YES;
				CLANG_WARN_INFINITE_RECURSION = YES;
				CLANG_WARN_INT_CONVERSION = YES;
				CLANG_WARN_NON_LITERAL_NULL_CONVERSION = YES;
				CLANG_WARN_OBJC_IMPLICIT_RETAIN_SELF = YES;
				CLANG_WARN_OBJC_LITERAL_CONVERSION = YES;
				CLANG_WARN_OBJC_ROOT_CLASS = YES_ERROR;
				CLANG_WARN_QUOTED_INCLUDE_IN_FRAMEWORK_HEADER = YES;
				CLANG_WARN_RANGE_LOOP_ANALYSIS = YES;
				CLANG_WARN_STRICT_PROTOTYPES = YES;
				CLANG_WARN_SUSPICIOUS_MOVE = YES;
				CLANG_WARN_UNGUARDED_AVAILABILITY = YES_AGGRESSIVE;
				CLANG_WARN_UNREACHABLE_CODE = YES;
				CLANG_WARN__DUPLICATE_METHOD_MATCH = YES;
				COPY_PHASE_STRIP = NO;
				DEBUG_INFORMATION_FORMAT = "dwarf-with-dsym";
				ENABLE_NS_ASSERTIONS = NO;
				ENABLE_STRICT_OBJC_MSGSEND = YES;
				ENABLE_USER_SCRIPT_SANDBOXING = YES;
				GCC_C_LANGUAGE_STANDARD = gnu17;
				GCC_NO_COMMON_BLOCKS = YES;
				GCC_WARN_64_TO_32_BIT_CONVERSION = YES;
				GCC_WARN_ABOUT_RETURN_TYPE = YES_ERROR;
				GCC_WARN_UNDECLARED_SELECTOR = YES;
				GCC_WARN_UNINITIALIZED_AUTOS = YES_AGGRESSIVE;
				GCC_WARN_UNUSED_FUNCTION = YES;
				GCC_WARN_UNUSED_VARIABLE = YES;
				IPHONEOS_DEPLOYMENT_TARGET = 17.4;
				LOCALIZATION_PREFERS_STRING_CATALOGS = YES;
				MTL_ENABLE_DEBUG_INFO = NO;
				MTL_FAST_MATH = YES;
				SDKROOT = iphoneos;
				SWIFT_COMPILATION_MODE = wholemodule;
				VALIDATE_PRODUCT = YES;
			};
			name = Release;
		};
		03C2A9962BD2FBFF006B3155 /* Debug */ = {
			isa = XCBuildConfiguration;
			buildSettings = {
				ASSETCATALOG_COMPILER_APPICON_NAME = AppIcon;
				ASSETCATALOG_COMPILER_GLOBAL_ACCENT_COLOR_NAME = AccentColor;
				CODE_SIGN_STYLE = Automatic;
				CURRENT_PROJECT_VERSION = 1;
				DEVELOPMENT_TEAM = KAF94HHT28;
				GENERATE_INFOPLIST_FILE = YES;
				INFOPLIST_FILE = "Lecture-19-Homework/Resources/Info.plist";
				INFOPLIST_KEY_UIApplicationSupportsIndirectInputEvents = YES;
				INFOPLIST_KEY_UILaunchStoryboardName = LaunchScreen;
				INFOPLIST_KEY_UISupportedInterfaceOrientations_iPad = "UIInterfaceOrientationPortrait UIInterfaceOrientationPortraitUpsideDown UIInterfaceOrientationLandscapeLeft UIInterfaceOrientationLandscapeRight";
				INFOPLIST_KEY_UISupportedInterfaceOrientations_iPhone = "UIInterfaceOrientationPortrait UIInterfaceOrientationLandscapeLeft UIInterfaceOrientationLandscapeRight";
				LD_RUNPATH_SEARCH_PATHS = (
					"$(inherited)",
					"@executable_path/Frameworks",
				);
				MARKETING_VERSION = 1.0;
				PRODUCT_BUNDLE_IDENTIFIER = "com.example.barbare.Lecture-19-Homework";
				PRODUCT_NAME = "$(TARGET_NAME)";
				SWIFT_EMIT_LOC_STRINGS = YES;
				SWIFT_VERSION = 5.0;
				TARGETED_DEVICE_FAMILY = "1,2";
			};
			name = Debug;
		};
		03C2A9972BD2FBFF006B3155 /* Release */ = {
			isa = XCBuildConfiguration;
			buildSettings = {
				ASSETCATALOG_COMPILER_APPICON_NAME = AppIcon;
				ASSETCATALOG_COMPILER_GLOBAL_ACCENT_COLOR_NAME = AccentColor;
				CODE_SIGN_STYLE = Automatic;
				CURRENT_PROJECT_VERSION = 1;
				DEVELOPMENT_TEAM = KAF94HHT28;
				GENERATE_INFOPLIST_FILE = YES;
				INFOPLIST_FILE = "Lecture-19-Homework/Resources/Info.plist";
				INFOPLIST_KEY_UIApplicationSupportsIndirectInputEvents = YES;
				INFOPLIST_KEY_UILaunchStoryboardName = LaunchScreen;
				INFOPLIST_KEY_UISupportedInterfaceOrientations_iPad = "UIInterfaceOrientationPortrait UIInterfaceOrientationPortraitUpsideDown UIInterfaceOrientationLandscapeLeft UIInterfaceOrientationLandscapeRight";
				INFOPLIST_KEY_UISupportedInterfaceOrientations_iPhone = "UIInterfaceOrientationPortrait UIInterfaceOrientationLandscapeLeft UIInterfaceOrientationLandscapeRight";
				LD_RUNPATH_SEARCH_PATHS = (
					"$(inherited)",
					"@executable_path/Frameworks",
				);
				MARKETING_VERSION = 1.0;
				PRODUCT_BUNDLE_IDENTIFIER = "com.example.barbare.Lecture-19-Homework";
				PRODUCT_NAME = "$(TARGET_NAME)";
				SWIFT_EMIT_LOC_STRINGS = YES;
				SWIFT_VERSION = 5.0;
				TARGETED_DEVICE_FAMILY = "1,2";
			};
			name = Release;
		};
/* End XCBuildConfiguration section */

/* Begin XCConfigurationList section */
		03C2A97C2BD2FBFE006B3155 /* Build configuration list for PBXProject "Lecture-19-Homework" */ = {
			isa = XCConfigurationList;
			buildConfigurations = (
				03C2A9932BD2FBFF006B3155 /* Debug */,
				03C2A9942BD2FBFF006B3155 /* Release */,
			);
			defaultConfigurationIsVisible = 0;
			defaultConfigurationName = Release;
		};
		03C2A9952BD2FBFF006B3155 /* Build configuration list for PBXNativeTarget "Lecture-19-Homework" */ = {
			isa = XCConfigurationList;
			buildConfigurations = (
				03C2A9962BD2FBFF006B3155 /* Debug */,
				03C2A9972BD2FBFF006B3155 /* Release */,
			);
			defaultConfigurationIsVisible = 0;
			defaultConfigurationName = Release;
		};
/* End XCConfigurationList section */
	};
	rootObject = 03C2A9792BD2FBFE006B3155 /* Project object */;
}
