{
  "originHash" : "300e8ee978025de88bb13c21645c14cf9ad627a5d63185f70f61c8dd785fab29",
  "pins" : [
    {
      "identity" : "barbaredoesnetworking",
      "kind" : "remoteSourceControl",
      "location" : "https://github.com/solneolune/BarbareDoesNetworking.git",
      "state" : {
        "branch" : "main",
        "revision" : "962406e785ca934bc30394349754388e9a27faaa"
      }
    }
  ],
  "version" : 3
}
